
Microsoft Visual Studio Solution File, Format Version 12.00
Project("{FAE04EC0-301F-11D3-BF4B-00C04F79EFBC}") = "DataStructureAndAlgorithms", "DataStructureAndAlgorithms\DataStructureAndAlgorithms.csproj", "{DDDC8A9D-1EF2-4F22-A8D5-4900798AC601}"
EndProject
Global
	GlobalSection(SolutionConfigurationPlatforms) = preSolution
		Debug|Any CPU = Debug|Any CPU
		Release|Any CPU = Release|Any CPU
	EndGlobalSection
	GlobalSection(ProjectConfigurationPlatforms) = postSolution
		{DDDC8A9D-1EF2-4F22-A8D5-4900798AC601}.Debug|Any CPU.ActiveCfg = Debug|Any CPU
		{DDDC8A9D-1EF2-4F22-A8D5-4900798AC601}.Debug|Any CPU.Build.0 = Debug|Any CPU
		{DDDC8A9D-1EF2-4F22-A8D5-4900798AC601}.Release|Any CPU.ActiveCfg = Release|Any CPU
		{DDDC8A9D-1EF2-4F22-A8D5-4900798AC601}.Release|Any CPU.Build.0 = Release|Any CPU
	EndGlobalSection
EndGlobal
